// !$*UTF8*$!
{
	archiveVersion = 1;
	classes = {
	};
	objectVersion = 46;
	objects = {

/* Begin PBXBuildFile section */
		456643E11DEA19B700690177 /* AppDelegate.swift in Sources */ = {isa = PBXBuildFile; fileRef = 456643E01DEA19B700690177 /* AppDelegate.swift */; };
		456643E31DEA19B700690177 /* ViewController.swift in Sources */ = {isa = PBXBuildFile; fileRef = 456643E21DEA19B700690177 /* ViewController.swift */; };
		456643E51DEA19B700690177 /* Assets.xcassets in Resources */ = {isa = PBXBuildFile; fileRef = 456643E41DEA19B700690177 /* Assets.xcassets */; };
		456643E81DEA19B700690177 /* Main.storyboard in Resources */ = {isa = PBXBuildFile; fileRef = 456643E61DEA19B700690177 /* Main.storyboard */; };
		456643F31DEA19B700690177 /* calculatorTests.swift in Sources */ = {isa = PBXBuildFile; fileRef = 456643F21DEA19B700690177 /* calculatorTests.swift */; };
		456643FE1DEA19B700690177 /* calculatorUITests.swift in Sources */ = {isa = PBXBuildFile; fileRef = 456643FD1DEA19B700690177 /* calculatorUITests.swift */; };
/* End PBXBuildFile section */

/* Begin PBXContainerItemProxy section */
		456643EF1DEA19B700690177 /* PBXContainerItemProxy */ = {
			isa = PBXContainerItemProxy;
			containerPortal = 456643D51DEA19B700690177 /* Project object */;
			proxyType = 1;
			remoteGlobalIDString = 456643DC1DEA19B700690177;
			remoteInfo = calculator;
		};
		456643FA1DEA19B700690177 /* PBXContainerItemProxy */ = {
			isa = PBXContainerItemProxy;
			containerPortal = 456643D51DEA19B700690177 /* Project object */;
			proxyType = 1;
			remoteGlobalIDString = 456643DC1DEA19B700690177;
			remoteInfo = calculator;
		};
/* End PBXContainerItemProxy section */

/* Begin PBXFileReference section */
		456643DD1DEA19B700690177 /* calculator.app */ = {isa = PBXFileReference; explicitFileType = wrapper.application; includeInIndex = 0; path = calculator.app; sourceTree = BUILT_PRODUCTS_DIR; };
		456643E01DEA19B700690177 /* AppDelegate.swift */ = {isa = PBXFileReference; lastKnownFileType = sourcecode.swift; path = AppDelegate.swift; sourceTree = "<group>"; };
		456643E21DEA19B700690177 /* ViewController.swift */ = {isa = PBXFileReference; lastKnownFileType = sourcecode.swift; path = ViewController.swift; sourceTree = "<group>"; };
		456643E41DEA19B700690177 /* Assets.xcassets */ = {isa = PBXFileReference; lastKnownFileType = folder.assetcatalog; path = Assets.xcassets; sourceTree = "<group>"; };
		456643E71DEA19B700690177 /* Base */ = {isa = PBXFileReference; lastKnownFileType = file.storyboard; name = Base; path = Base.lproj/Main.storyboard; sourceTree = "<group>"; };
		456643E91DEA19B700690177 /* Info.plist */ = {isa = PBXFileReference; lastKnownFileType = text.plist.xml; path = Info.plist; sourceTree = "<group>"; };
		456643EE1DEA19B700690177 /* calculatorTests.xctest */ = {isa = PBXFileReference; explicitFileType = wrapper.cfbundle; includeInIndex = 0; path = calculatorTests.xctest; sourceTree = BUILT_PRODUCTS_DIR; };
		456643F21DEA19B700690177 /* calculatorTests.swift */ = {isa = PBXFileReference; lastKnownFileType = sourcecode.swift; path = calculatorTests.swift; sourceTree = "<group>"; };
		456643F41DEA19B700690177 /* Info.plist */ = {isa = PBXFileReference; lastKnownFileType = text.plist.xml; path = Info.plist; sourceTree = "<group>"; };
		456643F91DEA19B700690177 /* calculatorUITests.xctest */ = {isa = PBXFileReference; explicitFileType = wrapper.cfbundle; includeInIndex = 0; path = calculatorUITests.xctest; sourceTree = BUILT_PRODUCTS_DIR; };
		456643FD1DEA19B700690177 /* calculatorUITests.swift */ = {isa = PBXFileReference; lastKnownFileType = sourcecode.swift; path = calculatorUITests.swift; sourceTree = "<group>"; };
		456643FF1DEA19B700690177 /* Info.plist */ = {isa = PBXFileReference; lastKnownFileType = text.plist.xml; path = Info.plist; sourceTree = "<group>"; };
/* End PBXFileReference section */

/* Begin PBXFrameworksBuildPhase section */
		456643DA1DEA19B700690177 /* Frameworks */ = {
			isa = PBXFrameworksBuildPhase;
			buildActionMask = 2147483647;
			files = (
			);
			runOnlyForDeploymentPostprocessing = 0;
		};
		456643EB1DEA19B700690177 /* Frameworks */ = {
			isa = PBXFrameworksBuildPhase;
			buildActionMask = 2147483647;
			files = (
			);
			runOnlyForDeploymentPostprocessing = 0;
		};
		456643F61DEA19B700690177 /* Frameworks */ = {
			isa = PBXFrameworksBuildPhase;
			buildActionMask = 2147483647;
			files = (
			);
			runOnlyForDeploymentPostprocessing = 0;
		};
/* End PBXFrameworksBuildPhase section */

/* Begin PBXGroup section */
		456643D41DEA19B700690177 = {
			isa = PBXGroup;
			children = (
				456643DF1DEA19B700690177 /* calculator */,
				456643F11DEA19B700690177 /* calculatorTests */,
				456643FC1DEA19B700690177 /* calculatorUITests */,
				456643DE1DEA19B700690177 /* Products */,
			);
			sourceTree = "<group>";
		};
		456643DE1DEA19B700690177 /* Products */ = {
			isa = PBXGroup;
			children = (
				456643DD1DEA19B700690177 /* calculator.app */,
				456643EE1DEA19B700690177 /* calculatorTests.xctest */,
				456643F91DEA19B700690177 /* calculatorUITests.xctest */,
			);
			name = Products;
			sourceTree = "<group>";
		};
		456643DF1DEA19B700690177 /* calculator */ = {
			isa = PBXGroup;
			children = (
				456643E01DEA19B700690177 /* AppDelegate.swift */,
				456643E21DEA19B700690177 /* ViewController.swift */,
				456643E41DEA19B700690177 /* Assets.xcassets */,
				456643E61DEA19B700690177 /* Main.storyboard */,
				456643E91DEA19B700690177 /* Info.plist */,
			);
			path = calculator;
			sourceTree = "<group>";
		};
		456643F11DEA19B700690177 /* calculatorTests */ = {
			isa = PBXGroup;
			children = (
				456643F21DEA19B700690177 /* calculatorTests.swift */,
				456643F41DEA19B700690177 /* Info.plist */,
			);
			path = calculatorTests;
			sourceTree = "<group>";
		};
		456643FC1DEA19B700690177 /* calculatorUITests */ = {
			isa = PBXGroup;
			children = (
				456643FD1DEA19B700690177 /* calculatorUITests.swift */,
				456643FF1DEA19B700690177 /* Info.plist */,
			);
			path = calculatorUITests;
			sourceTree = "<group>";
		};
/* End PBXGroup section */

/* Begin PBXNativeTarget section */
		456643DC1DEA19B700690177 /* calculator */ = {
			isa = PBXNativeTarget;
			buildConfigurationList = 456644021DEA19B700690177 /* Build configuration list for PBXNativeTarget "calculator" */;
			buildPhases = (
				456643D91DEA19B700690177 /* Sources */,
				456643DA1DEA19B700690177 /* Frameworks */,
				456643DB1DEA19B700690177 /* Resources */,
			);
			buildRules = (
			);
			dependencies = (
			);
			name = calculator;
			productName = calculator;
			productReference = 456643DD1DEA19B700690177 /* calculator.app */;
			productType = "com.apple.product-type.application";
		};
		456643ED1DEA19B700690177 /* calculatorTests */ = {
			isa = PBXNativeTarget;
			buildConfigurationList = 456644051DEA19B700690177 /* Build configuration list for PBXNativeTarget "calculatorTests" */;
			buildPhases = (
				456643EA1DEA19B700690177 /* Sources */,
				456643EB1DEA19B700690177 /* Frameworks */,
				456643EC1DEA19B700690177 /* Resources */,
			);
			buildRules = (
			);
			dependencies = (
				456643F01DEA19B700690177 /* PBXTargetDependency */,
			);
			name = calculatorTests;
			productName = calculatorTests;
			productReference = 456643EE1DEA19B700690177 /* calculatorTests.xctest */;
			productType = "com.apple.product-type.bundle.unit-test";
		};
		456643F81DEA19B700690177 /* calculatorUITests */ = {
			isa = PBXNativeTarget;
			buildConfigurationList = 456644081DEA19B700690177 /* Build configuration list for PBXNativeTarget "calculatorUITests" */;
			buildPhases = (
				456643F51DEA19B700690177 /* Sources */,
				456643F61DEA19B700690177 /* Frameworks */,
				456643F71DEA19B700690177 /* Resources */,
			);
			buildRules = (
			);
			dependencies = (
				456643FB1DEA19B700690177 /* PBXTargetDependency */,
			);
			name = calculatorUITests;
			productName = calculatorUITests;
			productReference = 456643F91DEA19B700690177 /* calculatorUITests.xctest */;
			productType = "com.apple.product-type.bundle.ui-testing";
		};
/* End PBXNativeTarget section */

/* Begin PBXProject section */
		456643D51DEA19B700690177 /* Project object */ = {
			isa = PBXProject;
			attributes = {
				LastSwiftUpdateCheck = 0730;
				LastUpgradeCheck = 0730;
				ORGANIZATIONNAME = Artur;
				TargetAttributes = {
					456643DC1DEA19B700690177 = {
						CreatedOnToolsVersion = 7.3.1;
					};
					456643ED1DEA19B700690177 = {
						CreatedOnToolsVersion = 7.3.1;
						TestTargetID = 456643DC1DEA19B700690177;
					};
					456643F81DEA19B700690177 = {
						CreatedOnToolsVersion = 7.3.1;
						TestTargetID = 456643DC1DEA19B700690177;
					};
				};
			};
			buildConfigurationList = 456643D81DEA19B700690177 /* Build configuration list for PBXProject "calculator" */;
			compatibilityVersion = "Xcode 3.2";
			developmentRegion = English;
			hasScannedForEncodings = 0;
			knownRegions = (
				en,
				Base,
			);
			mainGroup = 456643D41DEA19B700690177;
			productRefGroup = 456643DE1DEA19B700690177 /* Products */;
			projectDirPath = "";
			projectRoot = "";
			targets = (
				456643DC1DEA19B700690177 /* calculator */,
				456643ED1DEA19B700690177 /* calculatorTests */,
				456643F81DEA19B700690177 /* calculatorUITests */,
			);
		};
/* End PBXProject section */

/* Begin PBXResourcesBuildPhase section */
		456643DB1DEA19B700690177 /* Resources */ = {
			isa = PBXResourcesBuildPhase;
			buildActionMask = 2147483647;
			files = (
				456643E51DEA19B700690177 /* Assets.xcassets in Resources */,
				456643E81DEA19B700690177 /* Main.storyboard in Resources */,
			);
			runOnlyForDeploymentPostprocessing = 0;
		};
		456643EC1DEA19B700690177 /* Resources */ = {
			isa = PBXResourcesBuildPhase;
			buildActionMask = 2147483647;
			files = (
			);
			runOnlyForDeploymentPostprocessing = 0;
		};
		456643F71DEA19B700690177 /* Resources */ = {
			isa = PBXResourcesBuildPhase;
			buildActionMask = 2147483647;
			files = (
			);
			runOnlyForDeploymentPostprocessing = 0;
		};
/* End PBXResourcesBuildPhase section */

/* Begin PBXSourcesBuildPhase section */
		456643D91DEA19B700690177 /* Sources */ = {
			isa = PBXSourcesBuildPhase;
			buildActionMask = 2147483647;
			files = (
				456643E31DEA19B700690177 /* ViewController.swift in Sources */,
				456643E11DEA19B700690177 /* AppDelegate.swift in Sources */,
			);
			runOnlyForDeploymentPostprocessing = 0;
		};
		456643EA1DEA19B700690177 /* Sources */ = {
			isa = PBXSourcesBuildPhase;
			buildActionMask = 2147483647;
			files = (
				456643F31DEA19B700690177 /* calculatorTests.swift in Sources */,
			);
			runOnlyForDeploymentPostprocessing = 0;
		};
		456643F51DEA19B700690177 /* Sources */ = {
			isa = PBXSourcesBuildPhase;
			buildActionMask = 2147483647;
			files = (
				456643FE1DEA19B700690177 /* calculatorUITests.swift in Sources */,
			);
			runOnlyForDeploymentPostprocessing = 0;
		};
/* End PBXSourcesBuildPhase section */

/* Begin PBXTargetDependency section */
		456643F01DEA19B700690177 /* PBXTargetDependency */ = {
			isa = PBXTargetDependency;
			target = 456643DC1DEA19B700690177 /* calculator */;
			targetProxy = 456643EF1DEA19B700690177 /* PBXContainerItemProxy */;
		};
		456643FB1DEA19B700690177 /* PBXTargetDependency */ = {
			isa = PBXTargetDependency;
			target = 456643DC1DEA19B700690177 /* calculator */;
			targetProxy = 456643FA1DEA19B700690177 /* PBXContainerItemProxy */;
		};
/* End PBXTargetDependency section */

/* Begin PBXVariantGroup section */
		456643E61DEA19B700690177 /* Main.storyboard */ = {
			isa = PBXVariantGroup;
			children = (
				456643E71DEA19B700690177 /* Base */,
			);
			name = Main.storyboard;
			sourceTree = "<group>";
		};
/* End PBXVariantGroup section */

/* Begin XCBuildConfiguration section */
		456644001DEA19B700690177 /* Debug */ = {
			isa = XCBuildConfiguration;
			buildSettings = {
				ALWAYS_SEARCH_USER_PATHS = NO;
				CLANG_ANALYZER_NONNULL = YES;
				CLANG_CXX_LANGUAGE_STANDARD = "gnu++0x";
				CLANG_CXX_LIBRARY = "libc++";
				CLANG_ENABLE_MODULES = YES;
				CLANG_ENABLE_OBJC_ARC = YES;
				CLANG_WARN_BOOL_CONVERSION = YES;
				CLANG_WARN_CONSTANT_CONVERSION = YES;
				CLANG_WARN_DIRECT_OBJC_ISA_USAGE = YES_ERROR;
				CLANG_WARN_EMPTY_BODY = YES;
				CLANG_WARN_ENUM_CONVERSION = YES;
				CLANG_WARN_INT_CONVERSION = YES;
				CLANG_WARN_OBJC_ROOT_CLASS = YES_ERROR;
				CLANG_WARN_UNREACHABLE_CODE = YES;
				CLANG_WARN__DUPLICATE_METHOD_MATCH = YES;
				CODE_SIGN_IDENTITY = "-";
				COPY_PHASE_STRIP = NO;
				DEBUG_INFORMATION_FORMAT = dwarf;
				ENABLE_STRICT_OBJC_MSGSEND = YES;
				ENABLE_TESTABILITY = YES;
				GCC_C_LANGUAGE_STANDARD = gnu99;
				GCC_DYNAMIC_NO_PIC = NO;
				GCC_NO_COMMON_BLOCKS = YES;
				GCC_OPTIMIZATION_LEVEL = 0;
				GCC_PREPROCESSOR_DEFINITIONS = (
					"DEBUG=1",
					"$(inherited)",
				);
				GCC_WARN_64_TO_32_BIT_CONVERSION = YES;
				GCC_WARN_ABOUT_RETURN_TYPE = YES_ERROR;
				GCC_WARN_UNDECLARED_SELECTOR = YES;
				GCC_WARN_UNINITIALIZED_AUTOS = YES_AGGRESSIVE;
				GCC_WARN_UNUSED_FUNCTION = YES;
				GCC_WARN_UNUSED_VARIABLE = YES;
				MACOSX_DEPLOYMENT_TARGET = 10.11;
				MTL_ENABLE_DEBUG_INFO = YES;
				ONLY_ACTIVE_ARCH = YES;
				SDKROOT = macosx;
				SWIFT_OPTIMIZATION_LEVEL = "-Onone";
			};
			name = Debug;
		};
		456644011DEA19B700690177 /* Release */ = {
			isa = XCBuildConfiguration;
			buildSettings = {
				ALWAYS_SEARCH_USER_PATHS = NO;
				CLANG_ANALYZER_NONNULL = YES;
				CLANG_CXX_LANGUAGE_STANDARD = "gnu++0x";
				CLANG_CXX_LIBRARY = "libc++";
				CLANG_ENABLE_MODULES = YES;
				CLANG_ENABLE_OBJC_ARC = YES;
				CLANG_WARN_BOOL_CONVERSION = YES;
				CLANG_WARN_CONSTANT_CONVERSION = YES;
				CLANG_WARN_DIRECT_OBJC_ISA_USAGE = YES_ERROR;
				CLANG_WARN_EMPTY_BODY = YES;
				CLANG_WARN_ENUM_CONVERSION = YES;
				CLANG_WARN_INT_CONVERSION = YES;
				CLANG_WARN_OBJC_ROOT_CLASS = YES_ERROR;
				CLANG_WARN_UNREACHABLE_CODE = YES;
				CLANG_WARN__DUPLICATE_METHOD_MATCH = YES;
				CODE_SIGN_IDENTITY = "-";
				COPY_PHASE_STRIP = NO;
				DEBUG_INFORMATION_FORMAT = "dwarf-with-dsym";
				ENABLE_NS_ASSERTIONS = NO;
				ENABLE_STRICT_OBJC_MSGSEND = YES;
				GCC_C_LANGUAGE_STANDARD = gnu99;
				GCC_NO_COMMON_BLOCKS = YES;
				GCC_WARN_64_TO_32_BIT_CONVERSION = YES;
				GCC_WARN_ABOUT_RETURN_TYPE = YES_ERROR;
				GCC_WARN_UNDECLARED_SELECTOR = YES;
				GCC_WARN_UNINITIALIZED_AUTOS = YES_AGGRESSIVE;
				GCC_WARN_UNUSED_FUNCTION = YES;
				GCC_WARN_UNUSED_VARIABLE = YES;
				MACOSX_DEPLOYMENT_TARGET = 10.11;
				MTL_ENABLE_DEBUG_INFO = NO;
				SDKROOT = macosx;
			};
			name = Release;
		};
		456644031DEA19B700690177 /* Debug */ = {
			isa = XCBuildConfiguration;
			buildSettings = {
				ASSETCATALOG_COMPILER_APPICON_NAME = AppIcon;
				COMBINE_HIDPI_IMAGES = YES;
				INFOPLIST_FILE = calculator/Info.plist;
				LD_RUNPATH_SEARCH_PATHS = "$(inherited) @executable_path/../Frameworks";
				PRODUCT_BUNDLE_IDENTIFIER = z.calculator;
				PRODUCT_NAME = "$(TARGET_NAME)";
			};
			name = Debug;
		};
		456644041DEA19B700690177 /* Release */ = {
			isa = XCBuildConfiguration;
			buildSettings = {
				ASSETCATALOG_COMPILER_APPICON_NAME = AppIcon;
				COMBINE_HIDPI_IMAGES = YES;
				INFOPLIST_FILE = calculator/Info.plist;
				LD_RUNPATH_SEARCH_PATHS = "$(inherited) @executable_path/../Frameworks";
				PRODUCT_BUNDLE_IDENTIFIER = z.calculator;
				PRODUCT_NAME = "$(TARGET_NAME)";
			};
			name = Release;
		};
		456644061DEA19B700690177 /* Debug */ = {
			isa = XCBuildConfiguration;
			buildSettings = {
				BUNDLE_LOADER = "$(TEST_HOST)";
				COMBINE_HIDPI_IMAGES = YES;
				INFOPLIST_FILE = calculatorTests/Info.plist;
				LD_RUNPATH_SEARCH_PATHS = "$(inherited) @executable_path/../Frameworks @loader_path/../Frameworks";
				PRODUCT_BUNDLE_IDENTIFIER = z.calculatorTests;
				PRODUCT_NAME = "$(TARGET_NAME)";
				TEST_HOST = "$(BUILT_PRODUCTS_DIR)/calculator.app/Contents/MacOS/calculator";
			};
			name = Debug;
		};
		456644071DEA19B700690177 /* Release */ = {
			isa = XCBuildConfiguration;
			buildSettings = {
				BUNDLE_LOADER = "$(TEST_HOST)";
				COMBINE_HIDPI_IMAGES = YES;
				INFOPLIST_FILE = calculatorTests/Info.plist;
				LD_RUNPATH_SEARCH_PATHS = "$(inherited) @executable_path/../Frameworks @loader_path/../Frameworks";
				PRODUCT_BUNDLE_IDENTIFIER = z.calculatorTests;
				PRODUCT_NAME = "$(TARGET_NAME)";
				TEST_HOST = "$(BUILT_PRODUCTS_DIR)/calculator.app/Contents/MacOS/calculator";
			};
			name = Release;
		};
		456644091DEA19B700690177 /* Debug */ = {
			isa = XCBuildConfiguration;
			buildSettings = {
				COMBINE_HIDPI_IMAGES = YES;
				INFOPLIST_FILE = calculatorUITests/Info.plist;
				LD_RUNPATH_SEARCH_PATHS = "$(inherited) @executable_path/../Frameworks @loader_path/../Frameworks";
				PRODUCT_BUNDLE_IDENTIFIER = z.calculatorUITests;
				PRODUCT_NAME = "$(TARGET_NAME)";
				TEST_TARGET_NAME = calculator;
			};
			name = Debug;
		};
		4566440A1DEA19B700690177 /* Release */ = {
			isa = XCBuildConfiguration;
			buildSettings = {
				COMBINE_HIDPI_IMAGES = YES;
				INFOPLIST_FILE = calculatorUITests/Info.plist;
				LD_RUNPATH_SEARCH_PATHS = "$(inherited) @executable_path/../Frameworks @loader_path/../Frameworks";
				PRODUCT_BUNDLE_IDENTIFIER = z.calculatorUITests;
				PRODUCT_NAME = "$(TARGET_NAME)";
				TEST_TARGET_NAME = calculator;
			};
			name = Release;
		};
/* End XCBuildConfiguration section */

/* Begin XCConfigurationList section */
		456643D81DEA19B700690177 /* Build configuration list for PBXProject "calculator" */ = {
			isa = XCConfigurationList;
			buildConfigurations = (
				456644001DEA19B700690177 /* Debug */,
				456644011DEA19B700690177 /* Release */,
			);
			defaultConfigurationIsVisible = 0;
			defaultConfigurationName = Release;
		};
		456644021DEA19B700690177 /* Build configuration list for PBXNativeTarget "calculator" */ = {
			isa = XCConfigurationList;
			buildConfigurations = (
				456644031DEA19B700690177 /* Debug */,
				456644041DEA19B700690177 /* Release */,
			);
			defaultConfigurationIsVisible = 0;
		};
		456644051DEA19B700690177 /* Build configuration list for PBXNativeTarget "calculatorTests" */ = {
			isa = XCConfigurationList;
			buildConfigurations = (
				456644061DEA19B700690177 /* Debug */,
				456644071DEA19B700690177 /* Release */,
			);
			defaultConfigurationIsVisible = 0;
		};
		456644081DEA19B700690177 /* Build configuration list for PBXNativeTarget "calculatorUITests" */ = {
			isa = XCConfigurationList;
			buildConfigurations = (
				456644091DEA19B700690177 /* Debug */,
				4566440A1DEA19B700690177 /* Release */,
			);
			defaultConfigurationIsVisible = 0;
		};
/* End XCConfigurationList section */
	};
	rootObject = 456643D51DEA19B700690177 /* Project object */;
}
