// !$*UTF8*$!
{
	archiveVersion = 1;
	classes = {
	};
	objectVersion = 46;
	objects = {

/* Begin PBXBuildFile section */
		457631601DB34A2700EAFCFD /* AppDelegate.swift in Sources */ = {isa = PBXBuildFile; fileRef = 4576315F1DB34A2700EAFCFD /* AppDelegate.swift */; };
		457631621DB34A2700EAFCFD /* ViewController.swift in Sources */ = {isa = PBXBuildFile; fileRef = 457631611DB34A2700EAFCFD /* ViewController.swift */; };
		457631641DB34A2700EAFCFD /* Document.swift in Sources */ = {isa = PBXBuildFile; fileRef = 457631631DB34A2700EAFCFD /* Document.swift */; };
		457631661DB34A2700EAFCFD /* Assets.xcassets in Resources */ = {isa = PBXBuildFile; fileRef = 457631651DB34A2700EAFCFD /* Assets.xcassets */; };
		457631691DB34A2700EAFCFD /* Main.storyboard in Resources */ = {isa = PBXBuildFile; fileRef = 457631671DB34A2700EAFCFD /* Main.storyboard */; };
		457631741DB34A2800EAFCFD /* calculatorTests.swift in Sources */ = {isa = PBXBuildFile; fileRef = 457631731DB34A2800EAFCFD /* calculatorTests.swift */; };
		4576317F1DB34A2800EAFCFD /* calculatorUITests.swift in Sources */ = {isa = PBXBuildFile; fileRef = 4576317E1DB34A2800EAFCFD /* calculatorUITests.swift */; };
/* End PBXBuildFile section */

/* Begin PBXContainerItemProxy section */
		457631701DB34A2800EAFCFD /* PBXContainerItemProxy */ = {
			isa = PBXContainerItemProxy;
			containerPortal = 457631541DB34A2600EAFCFD /* Project object */;
			proxyType = 1;
			remoteGlobalIDString = 4576315B1DB34A2700EAFCFD;
			remoteInfo = calculator;
		};
		4576317B1DB34A2800EAFCFD /* PBXContainerItemProxy */ = {
			isa = PBXContainerItemProxy;
			containerPortal = 457631541DB34A2600EAFCFD /* Project object */;
			proxyType = 1;
			remoteGlobalIDString = 4576315B1DB34A2700EAFCFD;
			remoteInfo = calculator;
		};
/* End PBXContainerItemProxy section */

/* Begin PBXFileReference section */
		4576315C1DB34A2700EAFCFD /* calculator.app */ = {isa = PBXFileReference; explicitFileType = wrapper.application; includeInIndex = 0; path = calculator.app; sourceTree = BUILT_PRODUCTS_DIR; };
		4576315F1DB34A2700EAFCFD /* AppDelegate.swift */ = {isa = PBXFileReference; lastKnownFileType = sourcecode.swift; path = AppDelegate.swift; sourceTree = "<group>"; };
		457631611DB34A2700EAFCFD /* ViewController.swift */ = {isa = PBXFileReference; lastKnownFileType = sourcecode.swift; path = ViewController.swift; sourceTree = "<group>"; };
		457631631DB34A2700EAFCFD /* Document.swift */ = {isa = PBXFileReference; lastKnownFileType = sourcecode.swift; path = Document.swift; sourceTree = "<group>"; };
		457631651DB34A2700EAFCFD /* Assets.xcassets */ = {isa = PBXFileReference; lastKnownFileType = folder.assetcatalog; path = Assets.xcassets; sourceTree = "<group>"; };
		457631681DB34A2700EAFCFD /* Base */ = {isa = PBXFileReference; lastKnownFileType = file.storyboard; name = Base; path = Base.lproj/Main.storyboard; sourceTree = "<group>"; };
		4576316A1DB34A2700EAFCFD /* Info.plist */ = {isa = PBXFileReference; lastKnownFileType = text.plist.xml; path = Info.plist; sourceTree = "<group>"; };
		4576316F1DB34A2800EAFCFD /* calculatorTests.xctest */ = {isa = PBXFileReference; explicitFileType = wrapper.cfbundle; includeInIndex = 0; path = calculatorTests.xctest; sourceTree = BUILT_PRODUCTS_DIR; };
		457631731DB34A2800EAFCFD /* calculatorTests.swift */ = {isa = PBXFileReference; lastKnownFileType = sourcecode.swift; path = calculatorTests.swift; sourceTree = "<group>"; };
		457631751DB34A2800EAFCFD /* Info.plist */ = {isa = PBXFileReference; lastKnownFileType = text.plist.xml; path = Info.plist; sourceTree = "<group>"; };
		4576317A1DB34A2800EAFCFD /* calculatorUITests.xctest */ = {isa = PBXFileReference; explicitFileType = wrapper.cfbundle; includeInIndex = 0; path = calculatorUITests.xctest; sourceTree = BUILT_PRODUCTS_DIR; };
		4576317E1DB34A2800EAFCFD /* calculatorUITests.swift */ = {isa = PBXFileReference; lastKnownFileType = sourcecode.swift; path = calculatorUITests.swift; sourceTree = "<group>"; };
		457631801DB34A2800EAFCFD /* Info.plist */ = {isa = PBXFileReference; lastKnownFileType = text.plist.xml; path = Info.plist; sourceTree = "<group>"; };
/* End PBXFileReference section */

/* Begin PBXFrameworksBuildPhase section */
		457631591DB34A2700EAFCFD /* Frameworks */ = {
			isa = PBXFrameworksBuildPhase;
			buildActionMask = 2147483647;
			files = (
			);
			runOnlyForDeploymentPostprocessing = 0;
		};
		4576316C1DB34A2800EAFCFD /* Frameworks */ = {
			isa = PBXFrameworksBuildPhase;
			buildActionMask = 2147483647;
			files = (
			);
			runOnlyForDeploymentPostprocessing = 0;
		};
		457631771DB34A2800EAFCFD /* Frameworks */ = {
			isa = PBXFrameworksBuildPhase;
			buildActionMask = 2147483647;
			files = (
			);
			runOnlyForDeploymentPostprocessing = 0;
		};
/* End PBXFrameworksBuildPhase section */

/* Begin PBXGroup section */
		457631531DB34A2600EAFCFD = {
			isa = PBXGroup;
			children = (
				4576315E1DB34A2700EAFCFD /* calculator */,
				457631721DB34A2800EAFCFD /* calculatorTests */,
				4576317D1DB34A2800EAFCFD /* calculatorUITests */,
				4576315D1DB34A2700EAFCFD /* Products */,
			);
			sourceTree = "<group>";
		};
		4576315D1DB34A2700EAFCFD /* Products */ = {
			isa = PBXGroup;
			children = (
				4576315C1DB34A2700EAFCFD /* calculator.app */,
				4576316F1DB34A2800EAFCFD /* calculatorTests.xctest */,
				4576317A1DB34A2800EAFCFD /* calculatorUITests.xctest */,
			);
			name = Products;
			sourceTree = "<group>";
		};
		4576315E1DB34A2700EAFCFD /* calculator */ = {
			isa = PBXGroup;
			children = (
				4576315F1DB34A2700EAFCFD /* AppDelegate.swift */,
				457631611DB34A2700EAFCFD /* ViewController.swift */,
				457631631DB34A2700EAFCFD /* Document.swift */,
				457631651DB34A2700EAFCFD /* Assets.xcassets */,
				457631671DB34A2700EAFCFD /* Main.storyboard */,
				4576316A1DB34A2700EAFCFD /* Info.plist */,
			);
			path = calculator;
			sourceTree = "<group>";
		};
		457631721DB34A2800EAFCFD /* calculatorTests */ = {
			isa = PBXGroup;
			children = (
				457631731DB34A2800EAFCFD /* calculatorTests.swift */,
				457631751DB34A2800EAFCFD /* Info.plist */,
			);
			path = calculatorTests;
			sourceTree = "<group>";
		};
		4576317D1DB34A2800EAFCFD /* calculatorUITests */ = {
			isa = PBXGroup;
			children = (
				4576317E1DB34A2800EAFCFD /* calculatorUITests.swift */,
				457631801DB34A2800EAFCFD /* Info.plist */,
			);
			path = calculatorUITests;
			sourceTree = "<group>";
		};
/* End PBXGroup section */

/* Begin PBXNativeTarget section */
		4576315B1DB34A2700EAFCFD /* calculator */ = {
			isa = PBXNativeTarget;
			buildConfigurationList = 457631831DB34A2800EAFCFD /* Build configuration list for PBXNativeTarget "calculator" */;
			buildPhases = (
				457631581DB34A2700EAFCFD /* Sources */,
				457631591DB34A2700EAFCFD /* Frameworks */,
				4576315A1DB34A2700EAFCFD /* Resources */,
			);
			buildRules = (
			);
			dependencies = (
			);
			name = calculator;
			productName = calculator;
			productReference = 4576315C1DB34A2700EAFCFD /* calculator.app */;
			productType = "com.apple.product-type.application";
		};
		4576316E1DB34A2800EAFCFD /* calculatorTests */ = {
			isa = PBXNativeTarget;
			buildConfigurationList = 457631861DB34A2800EAFCFD /* Build configuration list for PBXNativeTarget "calculatorTests" */;
			buildPhases = (
				4576316B1DB34A2800EAFCFD /* Sources */,
				4576316C1DB34A2800EAFCFD /* Frameworks */,
				4576316D1DB34A2800EAFCFD /* Resources */,
			);
			buildRules = (
			);
			dependencies = (
				457631711DB34A2800EAFCFD /* PBXTargetDependency */,
			);
			name = calculatorTests;
			productName = calculatorTests;
			productReference = 4576316F1DB34A2800EAFCFD /* calculatorTests.xctest */;
			productType = "com.apple.product-type.bundle.unit-test";
		};
		457631791DB34A2800EAFCFD /* calculatorUITests */ = {
			isa = PBXNativeTarget;
			buildConfigurationList = 457631891DB34A2800EAFCFD /* Build configuration list for PBXNativeTarget "calculatorUITests" */;
			buildPhases = (
				457631761DB34A2800EAFCFD /* Sources */,
				457631771DB34A2800EAFCFD /* Frameworks */,
				457631781DB34A2800EAFCFD /* Resources */,
			);
			buildRules = (
			);
			dependencies = (
				4576317C1DB34A2800EAFCFD /* PBXTargetDependency */,
			);
			name = calculatorUITests;
			productName = calculatorUITests;
			productReference = 4576317A1DB34A2800EAFCFD /* calculatorUITests.xctest */;
			productType = "com.apple.product-type.bundle.ui-testing";
		};
/* End PBXNativeTarget section */

/* Begin PBXProject section */
		457631541DB34A2600EAFCFD /* Project object */ = {
			isa = PBXProject;
			attributes = {
				LastSwiftUpdateCheck = 0730;
				LastUpgradeCheck = 0730;
				ORGANIZATIONNAME = Artur;
				TargetAttributes = {
					4576315B1DB34A2700EAFCFD = {
						CreatedOnToolsVersion = 7.3.1;
					};
					4576316E1DB34A2800EAFCFD = {
						CreatedOnToolsVersion = 7.3.1;
						TestTargetID = 4576315B1DB34A2700EAFCFD;
					};
					457631791DB34A2800EAFCFD = {
						CreatedOnToolsVersion = 7.3.1;
						TestTargetID = 4576315B1DB34A2700EAFCFD;
					};
				};
			};
			buildConfigurationList = 457631571DB34A2600EAFCFD /* Build configuration list for PBXProject "calculator" */;
			compatibilityVersion = "Xcode 3.2";
			developmentRegion = English;
			hasScannedForEncodings = 0;
			knownRegions = (
				en,
				Base,
			);
			mainGroup = 457631531DB34A2600EAFCFD;
			productRefGroup = 4576315D1DB34A2700EAFCFD /* Products */;
			projectDirPath = "";
			projectRoot = "";
			targets = (
				4576315B1DB34A2700EAFCFD /* calculator */,
				4576316E1DB34A2800EAFCFD /* calculatorTests */,
				457631791DB34A2800EAFCFD /* calculatorUITests */,
			);
		};
/* End PBXProject section */

/* Begin PBXResourcesBuildPhase section */
		4576315A1DB34A2700EAFCFD /* Resources */ = {
			isa = PBXResourcesBuildPhase;
			buildActionMask = 2147483647;
			files = (
				457631661DB34A2700EAFCFD /* Assets.xcassets in Resources */,
				457631691DB34A2700EAFCFD /* Main.storyboard in Resources */,
			);
			runOnlyForDeploymentPostprocessing = 0;
		};
		4576316D1DB34A2800EAFCFD /* Resources */ = {
			isa = PBXResourcesBuildPhase;
			buildActionMask = 2147483647;
			files = (
			);
			runOnlyForDeploymentPostprocessing = 0;
		};
		457631781DB34A2800EAFCFD /* Resources */ = {
			isa = PBXResourcesBuildPhase;
			buildActionMask = 2147483647;
			files = (
			);
			runOnlyForDeploymentPostprocessing = 0;
		};
/* End PBXResourcesBuildPhase section */

/* Begin PBXSourcesBuildPhase section */
		457631581DB34A2700EAFCFD /* Sources */ = {
			isa = PBXSourcesBuildPhase;
			buildActionMask = 2147483647;
			files = (
				457631621DB34A2700EAFCFD /* ViewController.swift in Sources */,
				457631601DB34A2700EAFCFD /* AppDelegate.swift in Sources */,
				457631641DB34A2700EAFCFD /* Document.swift in Sources */,
			);
			runOnlyForDeploymentPostprocessing = 0;
		};
		4576316B1DB34A2800EAFCFD /* Sources */ = {
			isa = PBXSourcesBuildPhase;
			buildActionMask = 2147483647;
			files = (
				457631741DB34A2800EAFCFD /* calculatorTests.swift in Sources */,
			);
			runOnlyForDeploymentPostprocessing = 0;
		};
		457631761DB34A2800EAFCFD /* Sources */ = {
			isa = PBXSourcesBuildPhase;
			buildActionMask = 2147483647;
			files = (
				4576317F1DB34A2800EAFCFD /* calculatorUITests.swift in Sources */,
			);
			runOnlyForDeploymentPostprocessing = 0;
		};
/* End PBXSourcesBuildPhase section */

/* Begin PBXTargetDependency section */
		457631711DB34A2800EAFCFD /* PBXTargetDependency */ = {
			isa = PBXTargetDependency;
			target = 4576315B1DB34A2700EAFCFD /* calculator */;
			targetProxy = 457631701DB34A2800EAFCFD /* PBXContainerItemProxy */;
		};
		4576317C1DB34A2800EAFCFD /* PBXTargetDependency */ = {
			isa = PBXTargetDependency;
			target = 4576315B1DB34A2700EAFCFD /* calculator */;
			targetProxy = 4576317B1DB34A2800EAFCFD /* PBXContainerItemProxy */;
		};
/* End PBXTargetDependency section */

/* Begin PBXVariantGroup section */
		457631671DB34A2700EAFCFD /* Main.storyboard */ = {
			isa = PBXVariantGroup;
			children = (
				457631681DB34A2700EAFCFD /* Base */,
			);
			name = Main.storyboard;
			sourceTree = "<group>";
		};
/* End PBXVariantGroup section */

/* Begin XCBuildConfiguration section */
		457631811DB34A2800EAFCFD /* Debug */ = {
			isa = XCBuildConfiguration;
			buildSettings = {
				ALWAYS_SEARCH_USER_PATHS = NO;
				CLANG_ANALYZER_NONNULL = YES;
				CLANG_CXX_LANGUAGE_STANDARD = "gnu++0x";
				CLANG_CXX_LIBRARY = "libc++";
				CLANG_ENABLE_MODULES = YES;
				CLANG_ENABLE_OBJC_ARC = YES;
				CLANG_WARN_BOOL_CONVERSION = YES;
				CLANG_WARN_CONSTANT_CONVERSION = YES;
				CLANG_WARN_DIRECT_OBJC_ISA_USAGE = YES_ERROR;
				CLANG_WARN_EMPTY_BODY = YES;
				CLANG_WARN_ENUM_CONVERSION = YES;
				CLANG_WARN_INT_CONVERSION = YES;
				CLANG_WARN_OBJC_ROOT_CLASS = YES_ERROR;
				CLANG_WARN_UNREACHABLE_CODE = YES;
				CLANG_WARN__DUPLICATE_METHOD_MATCH = YES;
				CODE_SIGN_IDENTITY = "-";
				COPY_PHASE_STRIP = NO;
				DEBUG_INFORMATION_FORMAT = dwarf;
				ENABLE_STRICT_OBJC_MSGSEND = YES;
				ENABLE_TESTABILITY = YES;
				GCC_C_LANGUAGE_STANDARD = gnu99;
				GCC_DYNAMIC_NO_PIC = NO;
				GCC_NO_COMMON_BLOCKS = YES;
				GCC_OPTIMIZATION_LEVEL = 0;
				GCC_PREPROCESSOR_DEFINITIONS = (
					"DEBUG=1",
					"$(inherited)",
				);
				GCC_WARN_64_TO_32_BIT_CONVERSION = YES;
				GCC_WARN_ABOUT_RETURN_TYPE = YES_ERROR;
				GCC_WARN_UNDECLARED_SELECTOR = YES;
				GCC_WARN_UNINITIALIZED_AUTOS = YES_AGGRESSIVE;
				GCC_WARN_UNUSED_FUNCTION = YES;
				GCC_WARN_UNUSED_VARIABLE = YES;
				MACOSX_DEPLOYMENT_TARGET = 10.11;
				MTL_ENABLE_DEBUG_INFO = YES;
				ONLY_ACTIVE_ARCH = YES;
				SDKROOT = macosx;
				SWIFT_OPTIMIZATION_LEVEL = "-Onone";
			};
			name = Debug;
		};
		457631821DB34A2800EAFCFD /* Release */ = {
			isa = XCBuildConfiguration;
			buildSettings = {
				ALWAYS_SEARCH_USER_PATHS = NO;
				CLANG_ANALYZER_NONNULL = YES;
				CLANG_CXX_LANGUAGE_STANDARD = "gnu++0x";
				CLANG_CXX_LIBRARY = "libc++";
				CLANG_ENABLE_MODULES = YES;
				CLANG_ENABLE_OBJC_ARC = YES;
				CLANG_WARN_BOOL_CONVERSION = YES;
				CLANG_WARN_CONSTANT_CONVERSION = YES;
				CLANG_WARN_DIRECT_OBJC_ISA_USAGE = YES_ERROR;
				CLANG_WARN_EMPTY_BODY = YES;
				CLANG_WARN_ENUM_CONVERSION = YES;
				CLANG_WARN_INT_CONVERSION = YES;
				CLANG_WARN_OBJC_ROOT_CLASS = YES_ERROR;
				CLANG_WARN_UNREACHABLE_CODE = YES;
				CLANG_WARN__DUPLICATE_METHOD_MATCH = YES;
				CODE_SIGN_IDENTITY = "-";
				COPY_PHASE_STRIP = NO;
				DEBUG_INFORMATION_FORMAT = "dwarf-with-dsym";
				ENABLE_NS_ASSERTIONS = NO;
				ENABLE_STRICT_OBJC_MSGSEND = YES;
				GCC_C_LANGUAGE_STANDARD = gnu99;
				GCC_NO_COMMON_BLOCKS = YES;
				GCC_WARN_64_TO_32_BIT_CONVERSION = YES;
				GCC_WARN_ABOUT_RETURN_TYPE = YES_ERROR;
				GCC_WARN_UNDECLARED_SELECTOR = YES;
				GCC_WARN_UNINITIALIZED_AUTOS = YES_AGGRESSIVE;
				GCC_WARN_UNUSED_FUNCTION = YES;
				GCC_WARN_UNUSED_VARIABLE = YES;
				MACOSX_DEPLOYMENT_TARGET = 10.11;
				MTL_ENABLE_DEBUG_INFO = NO;
				SDKROOT = macosx;
			};
			name = Release;
		};
		457631841DB34A2800EAFCFD /* Debug */ = {
			isa = XCBuildConfiguration;
			buildSettings = {
				ASSETCATALOG_COMPILER_APPICON_NAME = AppIcon;
				COMBINE_HIDPI_IMAGES = YES;
				INFOPLIST_FILE = calculator/Info.plist;
				LD_RUNPATH_SEARCH_PATHS = "$(inherited) @executable_path/../Frameworks";
				PRODUCT_BUNDLE_IDENTIFIER = z.calculator;
				PRODUCT_NAME = "$(TARGET_NAME)";
			};
			name = Debug;
		};
		457631851DB34A2800EAFCFD /* Release */ = {
			isa = XCBuildConfiguration;
			buildSettings = {
				ASSETCATALOG_COMPILER_APPICON_NAME = AppIcon;
				COMBINE_HIDPI_IMAGES = YES;
				INFOPLIST_FILE = calculator/Info.plist;
				LD_RUNPATH_SEARCH_PATHS = "$(inherited) @executable_path/../Frameworks";
				PRODUCT_BUNDLE_IDENTIFIER = z.calculator;
				PRODUCT_NAME = "$(TARGET_NAME)";
			};
			name = Release;
		};
		457631871DB34A2800EAFCFD /* Debug */ = {
			isa = XCBuildConfiguration;
			buildSettings = {
				BUNDLE_LOADER = "$(TEST_HOST)";
				COMBINE_HIDPI_IMAGES = YES;
				INFOPLIST_FILE = calculatorTests/Info.plist;
				LD_RUNPATH_SEARCH_PATHS = "$(inherited) @executable_path/../Frameworks @loader_path/../Frameworks";
				PRODUCT_BUNDLE_IDENTIFIER = z.calculatorTests;
				PRODUCT_NAME = "$(TARGET_NAME)";
				TEST_HOST = "$(BUILT_PRODUCTS_DIR)/calculator.app/Contents/MacOS/calculator";
			};
			name = Debug;
		};
		457631881DB34A2800EAFCFD /* Release */ = {
			isa = XCBuildConfiguration;
			buildSettings = {
				BUNDLE_LOADER = "$(TEST_HOST)";
				COMBINE_HIDPI_IMAGES = YES;
				INFOPLIST_FILE = calculatorTests/Info.plist;
				LD_RUNPATH_SEARCH_PATHS = "$(inherited) @executable_path/../Frameworks @loader_path/../Frameworks";
				PRODUCT_BUNDLE_IDENTIFIER = z.calculatorTests;
				PRODUCT_NAME = "$(TARGET_NAME)";
				TEST_HOST = "$(BUILT_PRODUCTS_DIR)/calculator.app/Contents/MacOS/calculator";
			};
			name = Release;
		};
		4576318A1DB34A2800EAFCFD /* Debug */ = {
			isa = XCBuildConfiguration;
			buildSettings = {
				COMBINE_HIDPI_IMAGES = YES;
				INFOPLIST_FILE = calculatorUITests/Info.plist;
				LD_RUNPATH_SEARCH_PATHS = "$(inherited) @executable_path/../Frameworks @loader_path/../Frameworks";
				PRODUCT_BUNDLE_IDENTIFIER = z.calculatorUITests;
				PRODUCT_NAME = "$(TARGET_NAME)";
				TEST_TARGET_NAME = calculator;
			};
			name = Debug;
		};
		4576318B1DB34A2800EAFCFD /* Release */ = {
			isa = XCBuildConfiguration;
			buildSettings = {
				COMBINE_HIDPI_IMAGES = YES;
				INFOPLIST_FILE = calculatorUITests/Info.plist;
				LD_RUNPATH_SEARCH_PATHS = "$(inherited) @executable_path/../Frameworks @loader_path/../Frameworks";
				PRODUCT_BUNDLE_IDENTIFIER = z.calculatorUITests;
				PRODUCT_NAME = "$(TARGET_NAME)";
				TEST_TARGET_NAME = calculator;
			};
			name = Release;
		};
/* End XCBuildConfiguration section */

/* Begin XCConfigurationList section */
		457631571DB34A2600EAFCFD /* Build configuration list for PBXProject "calculator" */ = {
			isa = XCConfigurationList;
			buildConfigurations = (
				457631811DB34A2800EAFCFD /* Debug */,
				457631821DB34A2800EAFCFD /* Release */,
			);
			defaultConfigurationIsVisible = 0;
			defaultConfigurationName = Release;
		};
		457631831DB34A2800EAFCFD /* Build configuration list for PBXNativeTarget "calculator" */ = {
			isa = XCConfigurationList;
			buildConfigurations = (
				457631841DB34A2800EAFCFD /* Debug */,
				457631851DB34A2800EAFCFD /* Release */,
			);
			defaultConfigurationIsVisible = 0;
		};
		457631861DB34A2800EAFCFD /* Build configuration list for PBXNativeTarget "calculatorTests" */ = {
			isa = XCConfigurationList;
			buildConfigurations = (
				457631871DB34A2800EAFCFD /* Debug */,
				457631881DB34A2800EAFCFD /* Release */,
			);
			defaultConfigurationIsVisible = 0;
		};
		457631891DB34A2800EAFCFD /* Build configuration list for PBXNativeTarget "calculatorUITests" */ = {
			isa = XCConfigurationList;
			buildConfigurations = (
				4576318A1DB34A2800EAFCFD /* Debug */,
				4576318B1DB34A2800EAFCFD /* Release */,
			);
			defaultConfigurationIsVisible = 0;
		};
/* End XCConfigurationList section */
	};
	rootObject = 457631541DB34A2600EAFCFD /* Project object */;
}
